
Microsoft Visual Studio Solution File, Format Version 12.00
# Visual Studio Version 16
VisualStudioVersion = 16.0.29806.167
MinimumVisualStudioVersion = 10.0.40219.1
Project("{FAE04EC0-301F-11D3-BF4B-00C04F79EFBC}") = "BlazorWasmConfig.Server", "BlazorWasmConfig\Server\BlazorWasmConfig.Server.csproj", "{DD16279A-C8D3-4FCE-BA93-4204D42ECD7A}"
EndProject
Project("{FAE04EC0-301F-11D3-BF4B-00C04F79EFBC}") = "BlazorWasmConfig.Client", "BlazorWasmConfig\Client\BlazorWasmConfig.Client.csproj", "{CD65A888-6D02-4D6E-9D0A-8D284B137EFC}"
EndProject
Project("{FAE04EC0-301F-11D3-BF4B-00C04F79EFBC}") = "BlazorWasmConfig.Shared", "BlazorWasmConfig\Shared\BlazorWasmConfig.Shared.csproj", "{80B16A1D-CF5A-421A-8388-3B5D626C9652}"
EndProject
Global
	GlobalSection(SolutionConfigurationPlatforms) = preSolution
		Debug|Any CPU = Debug|Any CPU
		Release|Any CPU = Release|Any CPU
	EndGlobalSection
	GlobalSection(ProjectConfigurationPlatforms) = postSolution
		{DD16279A-C8D3-4FCE-BA93-4204D42ECD7A}.Debug|Any CPU.ActiveCfg = Debug|Any CPU
		{DD16279A-C8D3-4FCE-BA93-4204D42ECD7A}.Debug|Any CPU.Build.0 = Debug|Any CPU
		{DD16279A-C8D3-4FCE-BA93-4204D42ECD7A}.Release|Any CPU.ActiveCfg = Release|Any CPU
		{DD16279A-C8D3-4FCE-BA93-4204D42ECD7A}.Release|Any CPU.Build.0 = Release|Any CPU
		{CD65A888-6D02-4D6E-9D0A-8D284B137EFC}.Debug|Any CPU.ActiveCfg = Debug|Any CPU
		{CD65A888-6D02-4D6E-9D0A-8D284B137EFC}.Debug|Any CPU.Build.0 = Debug|Any CPU
		{CD65A888-6D02-4D6E-9D0A-8D284B137EFC}.Release|Any CPU.ActiveCfg = Release|Any CPU
		{CD65A888-6D02-4D6E-9D0A-8D284B137EFC}.Release|Any CPU.Build.0 = Release|Any CPU
		{80B16A1D-CF5A-421A-8388-3B5D626C9652}.Debug|Any CPU.ActiveCfg = Debug|Any CPU
		{80B16A1D-CF5A-421A-8388-3B5D626C9652}.Debug|Any CPU.Build.0 = Debug|Any CPU
		{80B16A1D-CF5A-421A-8388-3B5D626C9652}.Release|Any CPU.ActiveCfg = Release|Any CPU
		{80B16A1D-CF5A-421A-8388-3B5D626C9652}.Release|Any CPU.Build.0 = Release|Any CPU
	EndGlobalSection
	GlobalSection(SolutionProperties) = preSolution
		HideSolutionNode = FALSE
	EndGlobalSection
	GlobalSection(ExtensibilityGlobals) = postSolution
		SolutionGuid = {64013890-D535-4A4D-98FC-D5F3073E0ED0}
	EndGlobalSection
EndGlobal
